
Microsoft Visual Studio Solution File, Format Version 12.00
# Visual Studio Version 17
VisualStudioVersion = 17.1.32228.430
MinimumVisualStudioVersion = 10.0.40219.1
Project("{9A19103F-16F7-4668-BE54-9A1E7A4F7556}") = "Lista01", "Lista01.csproj", "{9F1EAA09-2CCB-4DB8-85C0-0305FF76267F}"
EndProject
Project("{9A19103F-16F7-4668-BE54-9A1E7A4F7556}") = "Lista01Tests", "..\Lista01Tests\Lista01Tests.csproj", "{9B342ED3-BC45-4715-B9B8-49E2A2C772EC}"
EndProject
Global
	GlobalSection(SolutionConfigurationPlatforms) = preSolution
		Debug|Any CPU = Debug|Any CPU
		Release|Any CPU = Release|Any CPU
	EndGlobalSection
	GlobalSection(ProjectConfigurationPlatforms) = postSolution
		{9F1EAA09-2CCB-4DB8-85C0-0305FF76267F}.Debug|Any CPU.ActiveCfg = Debug|Any CPU
		{9F1EAA09-2CCB-4DB8-85C0-0305FF76267F}.Debug|Any CPU.Build.0 = Debug|Any CPU
		{9F1EAA09-2CCB-4DB8-85C0-0305FF76267F}.Release|Any CPU.ActiveCfg = Release|Any CPU
		{9F1EAA09-2CCB-4DB8-85C0-0305FF76267F}.Release|Any CPU.Build.0 = Release|Any CPU
		{9B342ED3-BC45-4715-B9B8-49E2A2C772EC}.Debug|Any CPU.ActiveCfg = Debug|Any CPU
		{9B342ED3-BC45-4715-B9B8-49E2A2C772EC}.Debug|Any CPU.Build.0 = Debug|Any CPU
		{9B342ED3-BC45-4715-B9B8-49E2A2C772EC}.Release|Any CPU.ActiveCfg = Release|Any CPU
		{9B342ED3-BC45-4715-B9B8-49E2A2C772EC}.Release|Any CPU.Build.0 = Release|Any CPU
	EndGlobalSection
	GlobalSection(SolutionProperties) = preSolution
		HideSolutionNode = FALSE
	EndGlobalSection
	GlobalSection(ExtensibilityGlobals) = postSolution
		SolutionGuid = {77AB74F2-F749-4FCB-9E6A-6BAF288CB412}
	EndGlobalSection
EndGlobal
